
Microsoft Visual Studio Solution File, Format Version 12.00
# Visual Studio Version 17
VisualStudioVersion = 17.7.34202.233
MinimumVisualStudioVersion = 10.0.40219.1
Project("{9A19103F-16F7-4668-BE54-9A1E7A4F7556}") = "ApiSocialNetwork", "ApiSocialNetwork\ApiSocialNetwork.csproj", "{52769ADE-C77D-43EA-9E88-006FB2F6AB9F}"
EndProject
Global
	GlobalSection(SolutionConfigurationPlatforms) = preSolution
		Api|Any CPU = Api|Any CPU
		Api|x64 = Api|x64
		Debug|Any CPU = Debug|Any CPU
		Debug|x64 = Debug|x64
		Release|Any CPU = Release|Any CPU
		Release|x64 = Release|x64
	EndGlobalSection
	GlobalSection(ProjectConfigurationPlatforms) = postSolution
		{52769ADE-C77D-43EA-9E88-006FB2F6AB9F}.Api|Any CPU.ActiveCfg = Api|Any CPU
		{52769ADE-C77D-43EA-9E88-006FB2F6AB9F}.Api|Any CPU.Build.0 = Api|Any CPU
		{52769ADE-C77D-43EA-9E88-006FB2F6AB9F}.Api|x64.ActiveCfg = Api|x64
		{52769ADE-C77D-43EA-9E88-006FB2F6AB9F}.Api|x64.Build.0 = Api|x64
		{52769ADE-C77D-43EA-9E88-006FB2F6AB9F}.Debug|Any CPU.ActiveCfg = Debug|Any CPU
		{52769ADE-C77D-43EA-9E88-006FB2F6AB9F}.Debug|Any CPU.Build.0 = Debug|Any CPU
		{52769ADE-C77D-43EA-9E88-006FB2F6AB9F}.Debug|x64.ActiveCfg = Debug|x64
		{52769ADE-C77D-43EA-9E88-006FB2F6AB9F}.Debug|x64.Build.0 = Debug|x64
		{52769ADE-C77D-43EA-9E88-006FB2F6AB9F}.Release|Any CPU.ActiveCfg = Release|Any CPU
		{52769ADE-C77D-43EA-9E88-006FB2F6AB9F}.Release|Any CPU.Build.0 = Release|Any CPU
		{52769ADE-C77D-43EA-9E88-006FB2F6AB9F}.Release|x64.ActiveCfg = Release|x64
		{52769ADE-C77D-43EA-9E88-006FB2F6AB9F}.Release|x64.Build.0 = Release|x64
	EndGlobalSection
	GlobalSection(SolutionProperties) = preSolution
		HideSolutionNode = FALSE
	EndGlobalSection
	GlobalSection(ExtensibilityGlobals) = postSolution
		SolutionGuid = {7F97E320-CFE0-4631-9356-535EA7F05F14}
	EndGlobalSection
EndGlobal
